
Microsoft Visual Studio Solution File, Format Version 12.00
# Visual Studio Version 18
VisualStudioVersion = 18.3.11429.125
MinimumVisualStudioVersion = 10.0.40219.1
Project("{9A19103F-16F7-4668-BE54-9A1E7A4F7556}") = "UniversalDeviceToolkit.WPF", "UniversalDeviceToolkit.WPF\UniversalDeviceToolkit.WPF.csproj", "{DC01FDB3-CDCF-4D08-B87E-CCCAE5A24FF7}"
	ProjectSection(ProjectDependencies) = postProject
		{656AC74B-A298-4D0F-88CC-7CC7B5AB32C3} = {656AC74B-A298-4D0F-88CC-7CC7B5AB32C3}
	EndProjectSection
EndProject
Project("{9A19103F-16F7-4668-BE54-9A1E7A4F7556}") = "UniversalDeviceToolkit.Lib", "UniversalDeviceToolkit.Lib\UniversalDeviceToolkit.Lib.csproj", "{4B902DDC-0EBE-44B3-A53B-5EA176C7522B}"
EndProject
Project("{9A19103F-16F7-4668-BE54-9A1E7A4F7556}") = "UniversalDeviceToolkit.Lib.Automation", "UniversalDeviceToolkit.Lib.Automation\UniversalDeviceToolkit.Lib.Automation.csproj", "{CB52B339-4311-47C9-B9EB-23643F10BEC9}"
EndProject
Project("{9A19103F-16F7-4668-BE54-9A1E7A4F7556}") = "UniversalDeviceToolkit.SpectrumTester", "UniversalDeviceToolkit.SpectrumTester\UniversalDeviceToolkit.SpectrumTester.csproj", "{BB54FD85-CB1C-401F-A520-02396718595C}"
EndProject
Project("{9A19103F-16F7-4668-BE54-9A1E7A4F7556}") = "UniversalDeviceToolkit.Lib.Macro", "UniversalDeviceToolkit.Lib.Macro\UniversalDeviceToolkit.Lib.Macro.csproj", "{AC885CE1-A229-4437-B969-266DB6516AD1}"
EndProject
Project("{9A19103F-16F7-4668-BE54-9A1E7A4F7556}") = "UniversalDeviceToolkit.CLI", "UniversalDeviceToolkit.CLI\UniversalDeviceToolkit.CLI.csproj", "{656AC74B-A298-4D0F-88CC-7CC7B5AB32C3}"
EndProject
Project("{9A19103F-16F7-4668-BE54-9A1E7A4F7556}") = "UniversalDeviceToolkit.CLI.Lib", "UniversalDeviceToolkit.CLI.Lib\UniversalDeviceToolkit.CLI.Lib.csproj", "{2C7AB13C-5877-459D-98F3-F91F88CE3216}"
EndProject
Project("{2150E333-8FDC-42A3-9474-1A3956D46DE8}") = "CLI", "CLI", "{F8070067-370A-4E50-898A-8E31A3D77569}"
EndProject
Project("{2150E333-8FDC-42A3-9474-1A3956D46DE8}") = "Tools", "Tools", "{07C2787E-EAC7-C090-1BA3-A61EC2A24D84}"
EndProject
Project("{FAE04EC0-301F-11D3-BF4B-00C04F79EFBC}") = "MainAppPluginUi.Smoke", "Tools\MainAppPluginUi.Smoke\MainAppPluginUi.Smoke.csproj", "{633B4B11-9372-4AD8-8878-3D633DBEB878}"
EndProject
Project("{FAE04EC0-301F-11D3-BF4B-00C04F79EFBC}") = "HardwareValidation", "Tools\HardwareValidation\HardwareValidation.csproj", "{0D13B5A7-7D2E-4ACF-8B6E-4FB2A4A5D88B}"
EndProject
Project("{FAE04EC0-301F-11D3-BF4B-00C04F79EFBC}") = "PresetUiValidation", "Tools\PresetUiValidation\PresetUiValidation.csproj", "{C9E8D2A1-4B20-4E41-B47A-5E7D88B7F3A1}"
EndProject
Project("{9A19103F-16F7-4668-BE54-9A1E7A4F7556}") = "UniversalDeviceToolkit.Lib.Plugins", "UniversalDeviceToolkit.Lib.Plugins\UniversalDeviceToolkit.Lib.Plugins.csproj", "{65AF4289-30BE-4C3D-AFAF-6EB981F1CE41}"
EndProject
Project("{2150E333-8FDC-42A3-9474-1A3956D46DE8}") = "Tests", "Tests", "{A1B2C3D4-E5F6-4A7B-8C9D-0E1F2A3B4C5D}"
EndProject
Project("{FAE04EC0-301F-11D3-BF4B-00C04F79EFBC}") = "UniversalDeviceToolkit.Tests", "UniversalDeviceToolkit.Tests\UniversalDeviceToolkit.Tests.csproj", "{B2C3D4E5-F6A7-4B8C-9D0E-1F2A3B4C5D6E}"
EndProject
Project("{FAE04EC0-301F-11D3-BF4B-00C04F79EFBC}") = "SensorInventoryDump", "Tools\SensorInventoryDump\SensorInventoryDump.csproj", "{3BFC4D69-0561-46D7-93D1-62DF22E2CD9F}"
EndProject
Project("{FAE04EC0-301F-11D3-BF4B-00C04F79EFBC}") = "UniversalDeviceToolkit.CrossPlatform", "UniversalDeviceToolkit.CrossPlatform\UniversalDeviceToolkit.CrossPlatform.csproj", "{E85F6CEF-D560-4F31-8D94-A7D75009A2CC}"
EndProject
Project("{FAE04EC0-301F-11D3-BF4B-00C04F79EFBC}") = "UniversalDeviceToolkit.CrossPlatform.Tests", "UniversalDeviceToolkit.CrossPlatform.Tests\UniversalDeviceToolkit.CrossPlatform.Tests.csproj", "{5056A082-3103-4E4A-A0CC-5F30ED2A0767}"
EndProject
Project("{FAE04EC0-301F-11D3-BF4B-00C04F79EFBC}") = "VisualRegression.Smoke", "Tools\VisualRegression.Smoke\VisualRegression.Smoke.csproj", "{7D9D15C3-7495-467E-9053-74F5A61A5331}"
EndProject
Global
	GlobalSection(SolutionConfigurationPlatforms) = preSolution
		Debug|x64 = Debug|x64
		Debug|x86 = Debug|x86
		Debug|Any CPU = Debug|Any CPU
		Release|x64 = Release|x64
		Release|x86 = Release|x86
		Release|Any CPU = Release|Any CPU
	EndGlobalSection
	GlobalSection(ProjectConfigurationPlatforms) = postSolution
		{DC01FDB3-CDCF-4D08-B87E-CCCAE5A24FF7}.Debug|x64.ActiveCfg = Debug|x64
		{DC01FDB3-CDCF-4D08-B87E-CCCAE5A24FF7}.Debug|x64.Build.0 = Debug|x64
		{DC01FDB3-CDCF-4D08-B87E-CCCAE5A24FF7}.Debug|x86.ActiveCfg = Debug|x64
		{DC01FDB3-CDCF-4D08-B87E-CCCAE5A24FF7}.Debug|x86.Build.0 = Debug|x64
		{DC01FDB3-CDCF-4D08-B87E-CCCAE5A24FF7}.Debug|x64.ActiveCfg = Debug|x64
		{DC01FDB3-CDCF-4D08-B87E-CCCAE5A24FF7}.Debug|x64.Build.0 = Debug|x64
		{DC01FDB3-CDCF-4D08-B87E-CCCAE5A24FF7}.Release|x64.ActiveCfg = Release|x64
		{DC01FDB3-CDCF-4D08-B87E-CCCAE5A24FF7}.Release|x64.Build.0 = Release|x64
		{DC01FDB3-CDCF-4D08-B87E-CCCAE5A24FF7}.Release|x86.ActiveCfg = Release|x64
		{DC01FDB3-CDCF-4D08-B87E-CCCAE5A24FF7}.Release|x86.Build.0 = Release|x64
		{DC01FDB3-CDCF-4D08-B87E-CCCAE5A24FF7}.Release|x64.ActiveCfg = Release|x64
		{DC01FDB3-CDCF-4D08-B87E-CCCAE5A24FF7}.Release|x64.Build.0 = Release|x64
		{4B902DDC-0EBE-44B3-A53B-5EA176C7522B}.Debug|x64.ActiveCfg = Debug|x64
		{4B902DDC-0EBE-44B3-A53B-5EA176C7522B}.Debug|x64.Build.0 = Debug|x64
		{4B902DDC-0EBE-44B3-A53B-5EA176C7522B}.Debug|x86.ActiveCfg = Debug|x64
		{4B902DDC-0EBE-44B3-A53B-5EA176C7522B}.Debug|x86.Build.0 = Debug|x64
		{4B902DDC-0EBE-44B3-A53B-5EA176C7522B}.Debug|x64.ActiveCfg = Debug|x64
		{4B902DDC-0EBE-44B3-A53B-5EA176C7522B}.Debug|x64.Build.0 = Debug|x64
		{4B902DDC-0EBE-44B3-A53B-5EA176C7522B}.Release|x64.ActiveCfg = Release|x64
		{4B902DDC-0EBE-44B3-A53B-5EA176C7522B}.Release|x64.Build.0 = Release|x64
		{4B902DDC-0EBE-44B3-A53B-5EA176C7522B}.Release|x86.ActiveCfg = Release|x64
		{4B902DDC-0EBE-44B3-A53B-5EA176C7522B}.Release|x86.Build.0 = Release|x64
		{4B902DDC-0EBE-44B3-A53B-5EA176C7522B}.Release|x64.ActiveCfg = Release|x64
		{4B902DDC-0EBE-44B3-A53B-5EA176C7522B}.Release|x64.Build.0 = Release|x64
		{CB52B339-4311-47C9-B9EB-23643F10BEC9}.Debug|x64.ActiveCfg = Debug|x64
		{CB52B339-4311-47C9-B9EB-23643F10BEC9}.Debug|x64.Build.0 = Debug|x64
		{CB52B339-4311-47C9-B9EB-23643F10BEC9}.Debug|x86.ActiveCfg = Debug|x64
		{CB52B339-4311-47C9-B9EB-23643F10BEC9}.Debug|x86.Build.0 = Debug|x64
		{CB52B339-4311-47C9-B9EB-23643F10BEC9}.Debug|x64.ActiveCfg = Debug|x64
		{CB52B339-4311-47C9-B9EB-23643F10BEC9}.Debug|x64.Build.0 = Debug|x64
		{CB52B339-4311-47C9-B9EB-23643F10BEC9}.Release|x64.ActiveCfg = Release|x64
		{CB52B339-4311-47C9-B9EB-23643F10BEC9}.Release|x64.Build.0 = Release|x64
		{CB52B339-4311-47C9-B9EB-23643F10BEC9}.Release|x86.ActiveCfg = Release|x64
		{CB52B339-4311-47C9-B9EB-23643F10BEC9}.Release|x86.Build.0 = Release|x64
		{CB52B339-4311-47C9-B9EB-23643F10BEC9}.Release|x64.ActiveCfg = Release|x64
		{CB52B339-4311-47C9-B9EB-23643F10BEC9}.Release|x64.Build.0 = Release|x64
		{BB54FD85-CB1C-401F-A520-02396718595C}.Debug|x64.ActiveCfg = Debug|x64
		{BB54FD85-CB1C-401F-A520-02396718595C}.Debug|x64.Build.0 = Debug|x64
		{BB54FD85-CB1C-401F-A520-02396718595C}.Debug|x86.ActiveCfg = Debug|x64
		{BB54FD85-CB1C-401F-A520-02396718595C}.Debug|x86.Build.0 = Debug|x64
		{BB54FD85-CB1C-401F-A520-02396718595C}.Debug|x64.ActiveCfg = Debug|x64
		{BB54FD85-CB1C-401F-A520-02396718595C}.Debug|x64.Build.0 = Debug|x64
		{BB54FD85-CB1C-401F-A520-02396718595C}.Release|x64.ActiveCfg = Release|x64
		{BB54FD85-CB1C-401F-A520-02396718595C}.Release|x64.Build.0 = Release|x64
		{BB54FD85-CB1C-401F-A520-02396718595C}.Release|x86.ActiveCfg = Release|x64
		{BB54FD85-CB1C-401F-A520-02396718595C}.Release|x86.Build.0 = Release|x64
		{BB54FD85-CB1C-401F-A520-02396718595C}.Release|x64.ActiveCfg = Release|x64
		{BB54FD85-CB1C-401F-A520-02396718595C}.Release|x64.Build.0 = Release|x64
		{AC885CE1-A229-4437-B969-266DB6516AD1}.Debug|x64.ActiveCfg = Debug|x64
		{AC885CE1-A229-4437-B969-266DB6516AD1}.Debug|x64.Build.0 = Debug|x64
		{AC885CE1-A229-4437-B969-266DB6516AD1}.Debug|x86.ActiveCfg = Debug|x64
		{AC885CE1-A229-4437-B969-266DB6516AD1}.Debug|x86.Build.0 = Debug|x64
		{AC885CE1-A229-4437-B969-266DB6516AD1}.Debug|x64.ActiveCfg = Debug|x64
		{AC885CE1-A229-4437-B969-266DB6516AD1}.Debug|x64.Build.0 = Debug|x64
		{AC885CE1-A229-4437-B969-266DB6516AD1}.Release|x64.ActiveCfg = Release|x64
		{AC885CE1-A229-4437-B969-266DB6516AD1}.Release|x64.Build.0 = Release|x64
		{AC885CE1-A229-4437-B969-266DB6516AD1}.Release|x86.ActiveCfg = Release|x64
		{AC885CE1-A229-4437-B969-266DB6516AD1}.Release|x86.Build.0 = Release|x64
		{AC885CE1-A229-4437-B969-266DB6516AD1}.Release|x64.ActiveCfg = Release|x64
		{AC885CE1-A229-4437-B969-266DB6516AD1}.Release|x64.Build.0 = Release|x64
		{656AC74B-A298-4D0F-88CC-7CC7B5AB32C3}.Debug|x64.ActiveCfg = Debug|x64
		{656AC74B-A298-4D0F-88CC-7CC7B5AB32C3}.Debug|x64.Build.0 = Debug|x64
		{656AC74B-A298-4D0F-88CC-7CC7B5AB32C3}.Debug|x86.ActiveCfg = Debug|x64
		{656AC74B-A298-4D0F-88CC-7CC7B5AB32C3}.Debug|x86.Build.0 = Debug|x64
		{656AC74B-A298-4D0F-88CC-7CC7B5AB32C3}.Debug|x64.ActiveCfg = Debug|x64
		{656AC74B-A298-4D0F-88CC-7CC7B5AB32C3}.Debug|x64.Build.0 = Debug|x64
		{656AC74B-A298-4D0F-88CC-7CC7B5AB32C3}.Release|x64.ActiveCfg = Release|x64
		{656AC74B-A298-4D0F-88CC-7CC7B5AB32C3}.Release|x64.Build.0 = Release|x64
		{656AC74B-A298-4D0F-88CC-7CC7B5AB32C3}.Release|x86.ActiveCfg = Release|x64
		{656AC74B-A298-4D0F-88CC-7CC7B5AB32C3}.Release|x86.Build.0 = Release|x64
		{656AC74B-A298-4D0F-88CC-7CC7B5AB32C3}.Release|x64.ActiveCfg = Release|x64
		{656AC74B-A298-4D0F-88CC-7CC7B5AB32C3}.Release|x64.Build.0 = Release|x64
		{2C7AB13C-5877-459D-98F3-F91F88CE3216}.Debug|x64.ActiveCfg = Debug|x64
		{2C7AB13C-5877-459D-98F3-F91F88CE3216}.Debug|x64.Build.0 = Debug|x64
		{2C7AB13C-5877-459D-98F3-F91F88CE3216}.Debug|x86.ActiveCfg = Debug|x64
		{2C7AB13C-5877-459D-98F3-F91F88CE3216}.Debug|x86.Build.0 = Debug|x64
		{2C7AB13C-5877-459D-98F3-F91F88CE3216}.Debug|x64.ActiveCfg = Debug|x64
		{2C7AB13C-5877-459D-98F3-F91F88CE3216}.Debug|x64.Build.0 = Debug|x64
		{2C7AB13C-5877-459D-98F3-F91F88CE3216}.Release|x64.ActiveCfg = Release|x64
		{2C7AB13C-5877-459D-98F3-F91F88CE3216}.Release|x64.Build.0 = Release|x64
		{2C7AB13C-5877-459D-98F3-F91F88CE3216}.Release|x86.ActiveCfg = Release|x64
		{2C7AB13C-5877-459D-98F3-F91F88CE3216}.Release|x86.Build.0 = Release|x64
		{2C7AB13C-5877-459D-98F3-F91F88CE3216}.Release|x64.ActiveCfg = Release|x64
		{2C7AB13C-5877-459D-98F3-F91F88CE3216}.Release|x64.Build.0 = Release|x64
		{633B4B11-9372-4AD8-8878-3D633DBEB878}.Debug|x64.ActiveCfg = Debug|Any CPU
		{633B4B11-9372-4AD8-8878-3D633DBEB878}.Debug|x64.Build.0 = Debug|Any CPU
		{633B4B11-9372-4AD8-8878-3D633DBEB878}.Debug|x86.ActiveCfg = Debug|Any CPU
		{633B4B11-9372-4AD8-8878-3D633DBEB878}.Debug|x86.Build.0 = Debug|Any CPU
		{633B4B11-9372-4AD8-8878-3D633DBEB878}.Debug|Any CPU.ActiveCfg = Debug|Any CPU
		{633B4B11-9372-4AD8-8878-3D633DBEB878}.Debug|Any CPU.Build.0 = Debug|Any CPU
		{633B4B11-9372-4AD8-8878-3D633DBEB878}.Release|x64.ActiveCfg = Release|Any CPU
		{633B4B11-9372-4AD8-8878-3D633DBEB878}.Release|x64.Build.0 = Release|Any CPU
		{633B4B11-9372-4AD8-8878-3D633DBEB878}.Release|x86.ActiveCfg = Release|Any CPU
		{633B4B11-9372-4AD8-8878-3D633DBEB878}.Release|x86.Build.0 = Release|Any CPU
		{633B4B11-9372-4AD8-8878-3D633DBEB878}.Release|Any CPU.ActiveCfg = Release|Any CPU
		{633B4B11-9372-4AD8-8878-3D633DBEB878}.Release|Any CPU.Build.0 = Release|Any CPU
		{0D13B5A7-7D2E-4ACF-8B6E-4FB2A4A5D88B}.Debug|x64.ActiveCfg = Debug|Any CPU
		{0D13B5A7-7D2E-4ACF-8B6E-4FB2A4A5D88B}.Debug|x64.Build.0 = Debug|Any CPU
		{0D13B5A7-7D2E-4ACF-8B6E-4FB2A4A5D88B}.Debug|x86.ActiveCfg = Debug|Any CPU
		{0D13B5A7-7D2E-4ACF-8B6E-4FB2A4A5D88B}.Debug|x86.Build.0 = Debug|Any CPU
		{0D13B5A7-7D2E-4ACF-8B6E-4FB2A4A5D88B}.Debug|Any CPU.ActiveCfg = Debug|Any CPU
		{0D13B5A7-7D2E-4ACF-8B6E-4FB2A4A5D88B}.Debug|Any CPU.Build.0 = Debug|Any CPU
		{0D13B5A7-7D2E-4ACF-8B6E-4FB2A4A5D88B}.Release|x64.ActiveCfg = Release|Any CPU
		{0D13B5A7-7D2E-4ACF-8B6E-4FB2A4A5D88B}.Release|x64.Build.0 = Release|Any CPU
		{0D13B5A7-7D2E-4ACF-8B6E-4FB2A4A5D88B}.Release|x86.ActiveCfg = Release|Any CPU
		{0D13B5A7-7D2E-4ACF-8B6E-4FB2A4A5D88B}.Release|x86.Build.0 = Release|Any CPU
		{0D13B5A7-7D2E-4ACF-8B6E-4FB2A4A5D88B}.Release|Any CPU.ActiveCfg = Release|Any CPU
		{0D13B5A7-7D2E-4ACF-8B6E-4FB2A4A5D88B}.Release|Any CPU.Build.0 = Release|Any CPU
		{C9E8D2A1-4B20-4E41-B47A-5E7D88B7F3A1}.Debug|x64.ActiveCfg = Debug|Any CPU
		{C9E8D2A1-4B20-4E41-B47A-5E7D88B7F3A1}.Debug|x64.Build.0 = Debug|Any CPU
		{C9E8D2A1-4B20-4E41-B47A-5E7D88B7F3A1}.Debug|x86.ActiveCfg = Debug|Any CPU
		{C9E8D2A1-4B20-4E41-B47A-5E7D88B7F3A1}.Debug|x86.Build.0 = Debug|Any CPU
		{C9E8D2A1-4B20-4E41-B47A-5E7D88B7F3A1}.Debug|Any CPU.ActiveCfg = Debug|Any CPU
		{C9E8D2A1-4B20-4E41-B47A-5E7D88B7F3A1}.Debug|Any CPU.Build.0 = Debug|Any CPU
		{C9E8D2A1-4B20-4E41-B47A-5E7D88B7F3A1}.Release|x64.ActiveCfg = Release|Any CPU
		{C9E8D2A1-4B20-4E41-B47A-5E7D88B7F3A1}.Release|x64.Build.0 = Release|Any CPU
		{C9E8D2A1-4B20-4E41-B47A-5E7D88B7F3A1}.Release|x86.ActiveCfg = Release|Any CPU
		{C9E8D2A1-4B20-4E41-B47A-5E7D88B7F3A1}.Release|x86.Build.0 = Release|Any CPU
		{C9E8D2A1-4B20-4E41-B47A-5E7D88B7F3A1}.Release|Any CPU.ActiveCfg = Release|Any CPU
		{C9E8D2A1-4B20-4E41-B47A-5E7D88B7F3A1}.Release|Any CPU.Build.0 = Release|Any CPU
		{65AF4289-30BE-4C3D-AFAF-6EB981F1CE41}.Debug|x64.ActiveCfg = Debug|x64
		{65AF4289-30BE-4C3D-AFAF-6EB981F1CE41}.Debug|x64.Build.0 = Debug|x64
		{65AF4289-30BE-4C3D-AFAF-6EB981F1CE41}.Debug|x86.ActiveCfg = Debug|Any CPU
		{65AF4289-30BE-4C3D-AFAF-6EB981F1CE41}.Debug|x86.Build.0 = Debug|Any CPU
		{65AF4289-30BE-4C3D-AFAF-6EB981F1CE41}.Debug|Any CPU.ActiveCfg = Debug|Any CPU
		{65AF4289-30BE-4C3D-AFAF-6EB981F1CE41}.Debug|Any CPU.Build.0 = Debug|Any CPU
		{65AF4289-30BE-4C3D-AFAF-6EB981F1CE41}.Release|x64.ActiveCfg = Release|x64
		{65AF4289-30BE-4C3D-AFAF-6EB981F1CE41}.Release|x64.Build.0 = Release|x64
		{65AF4289-30BE-4C3D-AFAF-6EB981F1CE41}.Release|x86.ActiveCfg = Release|Any CPU
		{65AF4289-30BE-4C3D-AFAF-6EB981F1CE41}.Release|x86.Build.0 = Release|Any CPU
		{65AF4289-30BE-4C3D-AFAF-6EB981F1CE41}.Release|Any CPU.ActiveCfg = Release|Any CPU
		{65AF4289-30BE-4C3D-AFAF-6EB981F1CE41}.Release|Any CPU.Build.0 = Release|Any CPU
		{B2C3D4E5-F6A7-4B8C-9D0E-1F2A3B4C5D6E}.Debug|x64.ActiveCfg = Debug|Any CPU
		{B2C3D4E5-F6A7-4B8C-9D0E-1F2A3B4C5D6E}.Debug|x64.Build.0 = Debug|Any CPU
		{B2C3D4E5-F6A7-4B8C-9D0E-1F2A3B4C5D6E}.Debug|x86.ActiveCfg = Debug|Any CPU
		{B2C3D4E5-F6A7-4B8C-9D0E-1F2A3B4C5D6E}.Debug|x86.Build.0 = Debug|Any CPU
		{B2C3D4E5-F6A7-4B8C-9D0E-1F2A3B4C5D6E}.Debug|Any CPU.ActiveCfg = Debug|Any CPU
		{B2C3D4E5-F6A7-4B8C-9D0E-1F2A3B4C5D6E}.Debug|Any CPU.Build.0 = Debug|Any CPU
		{B2C3D4E5-F6A7-4B8C-9D0E-1F2A3B4C5D6E}.Release|x64.ActiveCfg = Release|Any CPU
		{B2C3D4E5-F6A7-4B8C-9D0E-1F2A3B4C5D6E}.Release|x64.Build.0 = Release|Any CPU
		{B2C3D4E5-F6A7-4B8C-9D0E-1F2A3B4C5D6E}.Release|x86.ActiveCfg = Release|Any CPU
		{B2C3D4E5-F6A7-4B8C-9D0E-1F2A3B4C5D6E}.Release|x86.Build.0 = Release|Any CPU
		{B2C3D4E5-F6A7-4B8C-9D0E-1F2A3B4C5D6E}.Release|Any CPU.ActiveCfg = Release|Any CPU
		{B2C3D4E5-F6A7-4B8C-9D0E-1F2A3B4C5D6E}.Release|Any CPU.Build.0 = Release|Any CPU
		{3BFC4D69-0561-46D7-93D1-62DF22E2CD9F}.Debug|x64.ActiveCfg = Debug|Any CPU
		{3BFC4D69-0561-46D7-93D1-62DF22E2CD9F}.Debug|x64.Build.0 = Debug|Any CPU
		{3BFC4D69-0561-46D7-93D1-62DF22E2CD9F}.Debug|x86.ActiveCfg = Debug|Any CPU
		{3BFC4D69-0561-46D7-93D1-62DF22E2CD9F}.Debug|x86.Build.0 = Debug|Any CPU
		{3BFC4D69-0561-46D7-93D1-62DF22E2CD9F}.Debug|Any CPU.ActiveCfg = Debug|Any CPU
		{3BFC4D69-0561-46D7-93D1-62DF22E2CD9F}.Debug|Any CPU.Build.0 = Debug|Any CPU
		{3BFC4D69-0561-46D7-93D1-62DF22E2CD9F}.Release|x64.ActiveCfg = Release|Any CPU
		{3BFC4D69-0561-46D7-93D1-62DF22E2CD9F}.Release|x64.Build.0 = Release|Any CPU
		{3BFC4D69-0561-46D7-93D1-62DF22E2CD9F}.Release|x86.ActiveCfg = Release|Any CPU
		{3BFC4D69-0561-46D7-93D1-62DF22E2CD9F}.Release|x86.Build.0 = Release|Any CPU
		{3BFC4D69-0561-46D7-93D1-62DF22E2CD9F}.Release|Any CPU.ActiveCfg = Release|Any CPU
		{3BFC4D69-0561-46D7-93D1-62DF22E2CD9F}.Release|Any CPU.Build.0 = Release|Any CPU
		{E85F6CEF-D560-4F31-8D94-A7D75009A2CC}.Debug|x64.ActiveCfg = Debug|Any CPU
		{E85F6CEF-D560-4F31-8D94-A7D75009A2CC}.Debug|x64.Build.0 = Debug|Any CPU
		{E85F6CEF-D560-4F31-8D94-A7D75009A2CC}.Debug|x86.ActiveCfg = Debug|Any CPU
		{E85F6CEF-D560-4F31-8D94-A7D75009A2CC}.Debug|x86.Build.0 = Debug|Any CPU
		{E85F6CEF-D560-4F31-8D94-A7D75009A2CC}.Debug|Any CPU.ActiveCfg = Debug|Any CPU
		{E85F6CEF-D560-4F31-8D94-A7D75009A2CC}.Debug|Any CPU.Build.0 = Debug|Any CPU
		{E85F6CEF-D560-4F31-8D94-A7D75009A2CC}.Release|x64.ActiveCfg = Release|Any CPU
		{E85F6CEF-D560-4F31-8D94-A7D75009A2CC}.Release|x64.Build.0 = Release|Any CPU
		{E85F6CEF-D560-4F31-8D94-A7D75009A2CC}.Release|x86.ActiveCfg = Release|Any CPU
		{E85F6CEF-D560-4F31-8D94-A7D75009A2CC}.Release|x86.Build.0 = Release|Any CPU
		{E85F6CEF-D560-4F31-8D94-A7D75009A2CC}.Release|Any CPU.ActiveCfg = Release|Any CPU
		{E85F6CEF-D560-4F31-8D94-A7D75009A2CC}.Release|Any CPU.Build.0 = Release|Any CPU
		{5056A082-3103-4E4A-A0CC-5F30ED2A0767}.Debug|x64.ActiveCfg = Debug|Any CPU
		{5056A082-3103-4E4A-A0CC-5F30ED2A0767}.Debug|x64.Build.0 = Debug|Any CPU
		{5056A082-3103-4E4A-A0CC-5F30ED2A0767}.Debug|x86.ActiveCfg = Debug|Any CPU
		{5056A082-3103-4E4A-A0CC-5F30ED2A0767}.Debug|x86.Build.0 = Debug|Any CPU
		{5056A082-3103-4E4A-A0CC-5F30ED2A0767}.Debug|Any CPU.ActiveCfg = Debug|Any CPU
		{5056A082-3103-4E4A-A0CC-5F30ED2A0767}.Debug|Any CPU.Build.0 = Debug|Any CPU
		{5056A082-3103-4E4A-A0CC-5F30ED2A0767}.Release|x64.ActiveCfg = Release|Any CPU
		{5056A082-3103-4E4A-A0CC-5F30ED2A0767}.Release|x64.Build.0 = Release|Any CPU
		{5056A082-3103-4E4A-A0CC-5F30ED2A0767}.Release|x86.ActiveCfg = Release|Any CPU
		{5056A082-3103-4E4A-A0CC-5F30ED2A0767}.Release|x86.Build.0 = Release|Any CPU
		{5056A082-3103-4E4A-A0CC-5F30ED2A0767}.Release|Any CPU.ActiveCfg = Release|Any CPU
		{5056A082-3103-4E4A-A0CC-5F30ED2A0767}.Release|Any CPU.Build.0 = Release|Any CPU
		{7D9D15C3-7495-467E-9053-74F5A61A5331}.Debug|x64.ActiveCfg = Debug|Any CPU
		{7D9D15C3-7495-467E-9053-74F5A61A5331}.Debug|x64.Build.0 = Debug|Any CPU
		{7D9D15C3-7495-467E-9053-74F5A61A5331}.Debug|x86.ActiveCfg = Debug|Any CPU
		{7D9D15C3-7495-467E-9053-74F5A61A5331}.Debug|x86.Build.0 = Debug|Any CPU
		{7D9D15C3-7495-467E-9053-74F5A61A5331}.Debug|Any CPU.ActiveCfg = Debug|Any CPU
		{7D9D15C3-7495-467E-9053-74F5A61A5331}.Debug|Any CPU.Build.0 = Debug|Any CPU
		{7D9D15C3-7495-467E-9053-74F5A61A5331}.Release|x64.ActiveCfg = Release|Any CPU
		{7D9D15C3-7495-467E-9053-74F5A61A5331}.Release|x64.Build.0 = Release|Any CPU
		{7D9D15C3-7495-467E-9053-74F5A61A5331}.Release|x86.ActiveCfg = Release|Any CPU
		{7D9D15C3-7495-467E-9053-74F5A61A5331}.Release|x86.Build.0 = Release|Any CPU
		{7D9D15C3-7495-467E-9053-74F5A61A5331}.Release|Any CPU.ActiveCfg = Release|Any CPU
		{7D9D15C3-7495-467E-9053-74F5A61A5331}.Release|Any CPU.Build.0 = Release|Any CPU
	EndGlobalSection
	GlobalSection(SolutionProperties) = preSolution
		HideSolutionNode = FALSE
	EndGlobalSection
	GlobalSection(NestedProjects) = preSolution
		{BB54FD85-CB1C-401F-A520-02396718595C} = {07C2787E-EAC7-C090-1BA3-A61EC2A24D84}
		{656AC74B-A298-4D0F-88CC-7CC7B5AB32C3} = {F8070067-370A-4E50-898A-8E31A3D77569}
		{2C7AB13C-5877-459D-98F3-F91F88CE3216} = {F8070067-370A-4E50-898A-8E31A3D77569}
		{633B4B11-9372-4AD8-8878-3D633DBEB878} = {07C2787E-EAC7-C090-1BA3-A61EC2A24D84}
		{0D13B5A7-7D2E-4ACF-8B6E-4FB2A4A5D88B} = {07C2787E-EAC7-C090-1BA3-A61EC2A24D84}
		{C9E8D2A1-4B20-4E41-B47A-5E7D88B7F3A1} = {07C2787E-EAC7-C090-1BA3-A61EC2A24D84}
		{B2C3D4E5-F6A7-4B8C-9D0E-1F2A3B4C5D6E} = {A1B2C3D4-E5F6-4A7B-8C9D-0E1F2A3B4C5D}
		{3BFC4D69-0561-46D7-93D1-62DF22E2CD9F} = {07C2787E-EAC7-C090-1BA3-A61EC2A24D84}
		{7D9D15C3-7495-467E-9053-74F5A61A5331} = {07C2787E-EAC7-C090-1BA3-A61EC2A24D84}
	EndGlobalSection
	GlobalSection(ExtensibilityGlobals) = postSolution
		SolutionGuid = {DA77E337-1B57-4D70-B454-BE5EA6E618D6}
	EndGlobalSection
EndGlobal
