
Microsoft Visual Studio Solution File, Format Version 12.00
# Visual Studio Version 17
VisualStudioVersion = 17.0.31903.59
MinimumVisualStudioVersion = 10.0.40219.1
Project("{FAE04EC0-301F-11D3-BF4B-00C04F79EFBC}") = "UniversalDeviceToolkit.Plugins.SDK", "SDK\Runtime\UniversalDeviceToolkit.Plugins.SDK.csproj", "{A1B2C3D4-E5F6-7890-ABCD-EF1234567890}"
EndProject
Project("{FAE04EC0-301F-11D3-BF4B-00C04F79EFBC}") = "UniversalDeviceToolkit.Plugins.CustomMouse", "Official\CustomMouse\UniversalDeviceToolkit.Plugins.CustomMouse.csproj", "{B2C3D4E5-F6A7-8901-BCDE-F23456789012}"
EndProject
Project("{FAE04EC0-301F-11D3-BF4B-00C04F79EFBC}") = "UniversalDeviceToolkit.Plugins.ShellIntegration", "Official\ShellIntegration\UniversalDeviceToolkit.Plugins.ShellIntegration.csproj", "{C3D4E5F6-A7B8-9012-CDEF-345678901234}"
EndProject
Project("{2150E333-8FDC-42A3-9474-1A3956D46DE8}") = "Official", "Official", "{07D57EEB-2F50-60C4-C011-FE4FA775C9A8}"
EndProject
Project("{2150E333-8FDC-42A3-9474-1A3956D46DE8}") = "ViveTool", "ViveTool", "{8CB383A2-3AB2-833C-903D-022C462A3C73}"
EndProject
Project("{FAE04EC0-301F-11D3-BF4B-00C04F79EFBC}") = "UniversalDeviceToolkit.Plugins.ViveTool", "Official\ViveTool\UniversalDeviceToolkit.Plugins.ViveTool.csproj", "{E8633D5D-D85B-4067-A663-8184037E2F56}"
EndProject
Project("{FAE04EC0-301F-11D3-BF4B-00C04F79EFBC}") = "CustomMouse.Tests", "Official\CustomMouse.Tests\CustomMouse.Tests.csproj", "{5AAF241C-969D-4B7F-AF10-0300E480F51C}"
EndProject
Project("{2150E333-8FDC-42A3-9474-1A3956D46DE8}") = "Tooling", "Tooling", "{07C2787E-EAC7-C090-1BA3-A61EC2A24D84}"
EndProject
Project("{FAE04EC0-301F-11D3-BF4B-00C04F79EFBC}") = "PluginCompletionUiTool", "Tooling\PluginCompletionUiTool\PluginCompletionUiTool.csproj", "{84821BCD-B928-4F26-AD38-D89C0D684B43}"
EndProject
Project("{FAE04EC0-301F-11D3-BF4B-00C04F79EFBC}") = "PluginCompletionUiTool.Smoke", "Tooling\PluginCompletionUiTool.Smoke\PluginCompletionUiTool.Smoke.csproj", "{B4C24300-19D4-4C9A-9ABE-EB0DD867765C}"
EndProject
Project("{2150E333-8FDC-42A3-9474-1A3956D46DE8}") = "SDK", "SDK", "{FF13A09E-0E72-1904-124B-A4E979EF28D3}"
EndProject
Project("{FAE04EC0-301F-11D3-BF4B-00C04F79EFBC}") = "ShellIntegration.Tests", "Official\ShellIntegration.Tests\ShellIntegration.Tests.csproj", "{CC934950-6B8C-4610-AD45-49C098179EDF}"
EndProject
Project("{FAE04EC0-301F-11D3-BF4B-00C04F79EFBC}") = "ViveTool.Tests", "Official\ViveTool.Tests\ViveTool.Tests.csproj", "{B516082B-CCF1-4D9F-9F9D-9D97DBD9187D}"
EndProject
Project("{FAE04EC0-301F-11D3-BF4B-00C04F79EFBC}") = "PluginWorkbench", "Tooling\PluginWorkbench\PluginWorkbench.csproj", "{3276CC40-2880-4C6D-8545-E786067EE6AB}"
EndProject
Project("{FAE04EC0-301F-11D3-BF4B-00C04F79EFBC}") = "UniversalDeviceToolkit.Plugins.Shared", "Shared\UniversalDeviceToolkit.Plugins.Shared.csproj", "{CBA3407B-0BAB-4CA8-A6DB-D43F7C5AD766}"
EndProject
Project("{FAE04EC0-301F-11D3-BF4B-00C04F79EFBC}") = "PluginWorkbench.Smoke", "Tooling\PluginWorkbench.Smoke\PluginWorkbench.Smoke.csproj", "{293E5C61-5BB9-49D1-A0D7-EE8A2F4E2287}"
EndProject
Project("{FAE04EC0-301F-11D3-BF4B-00C04F79EFBC}") = "PluginTooling.Core", "Tooling\PluginTooling.Core\PluginTooling.Core.csproj", "{0359F715-FCA6-4023-B87F-C7B4CB26A3E3}"
EndProject
Project("{FAE04EC0-301F-11D3-BF4B-00C04F79EFBC}") = "PluginTooling.Cli", "Tooling\PluginTooling.Cli\PluginTooling.Cli.csproj", "{C4E0CFC9-834F-4803-9229-1B05BD2FD7AB}"
EndProject
Project("{FAE04EC0-301F-11D3-BF4B-00C04F79EFBC}") = "UniversalDeviceToolkit.Plugins.Abstractions", "SDK\Abstractions\UniversalDeviceToolkit.Plugins.Abstractions.csproj", "{A2018E51-21B2-4D79-9CC5-AEBD45D5171D}"
EndProject
Project("{2150E333-8FDC-42A3-9474-1A3956D46DE8}") = "Testing", "Testing", "{78DDA25A-7C38-13C4-DE39-740FEE45D7B1}"
EndProject
Project("{FAE04EC0-301F-11D3-BF4B-00C04F79EFBC}") = "PerformanceTests", "Testing\PerformanceTests\PerformanceTests.csproj", "{A525D793-D8EF-4676-A8AD-DC8498713D7B}"
EndProject
Project("{FAE04EC0-301F-11D3-BF4B-00C04F79EFBC}") = "PluginTooling.Tests", "Testing\PluginTooling.Tests\PluginTooling.Tests.csproj", "{F61D0A81-BD68-4275-981E-080533E46033}"
EndProject
Project("{2150E333-8FDC-42A3-9474-1A3956D46DE8}") = "Shared", "Shared", "{4F52FD11-658E-A102-6CD3-7D7C16FFA15B}"
EndProject
Project("{FAE04EC0-301F-11D3-BF4B-00C04F79EFBC}") = "Shared.Tests", "Shared.Tests\Shared.Tests.csproj", "{CBB92951-6DC2-49B2-BF8C-AEDB91882B1D}"
EndProject
Global
	GlobalSection(SolutionConfigurationPlatforms) = preSolution
		Debug|Any CPU = Debug|Any CPU
		Debug|x64 = Debug|x64
		Debug|x86 = Debug|x86
		Release|Any CPU = Release|Any CPU
		Release|x64 = Release|x64
		Release|x86 = Release|x86
	EndGlobalSection
	GlobalSection(ProjectConfigurationPlatforms) = postSolution
		{A1B2C3D4-E5F6-7890-ABCD-EF1234567890}.Debug|Any CPU.ActiveCfg = Debug|Any CPU
		{A1B2C3D4-E5F6-7890-ABCD-EF1234567890}.Debug|Any CPU.Build.0 = Debug|Any CPU
		{A1B2C3D4-E5F6-7890-ABCD-EF1234567890}.Debug|x64.ActiveCfg = Debug|Any CPU
		{A1B2C3D4-E5F6-7890-ABCD-EF1234567890}.Debug|x64.Build.0 = Debug|Any CPU
		{A1B2C3D4-E5F6-7890-ABCD-EF1234567890}.Debug|x86.ActiveCfg = Debug|Any CPU
		{A1B2C3D4-E5F6-7890-ABCD-EF1234567890}.Debug|x86.Build.0 = Debug|Any CPU
		{A1B2C3D4-E5F6-7890-ABCD-EF1234567890}.Release|Any CPU.ActiveCfg = Release|Any CPU
		{A1B2C3D4-E5F6-7890-ABCD-EF1234567890}.Release|Any CPU.Build.0 = Release|Any CPU
		{A1B2C3D4-E5F6-7890-ABCD-EF1234567890}.Release|x64.ActiveCfg = Release|Any CPU
		{A1B2C3D4-E5F6-7890-ABCD-EF1234567890}.Release|x64.Build.0 = Release|Any CPU
		{A1B2C3D4-E5F6-7890-ABCD-EF1234567890}.Release|x86.ActiveCfg = Release|Any CPU
		{A1B2C3D4-E5F6-7890-ABCD-EF1234567890}.Release|x86.Build.0 = Release|Any CPU
		{B2C3D4E5-F6A7-8901-BCDE-F23456789012}.Debug|Any CPU.ActiveCfg = Debug|Any CPU
		{B2C3D4E5-F6A7-8901-BCDE-F23456789012}.Debug|Any CPU.Build.0 = Debug|Any CPU
		{B2C3D4E5-F6A7-8901-BCDE-F23456789012}.Debug|x64.ActiveCfg = Debug|Any CPU
		{B2C3D4E5-F6A7-8901-BCDE-F23456789012}.Debug|x64.Build.0 = Debug|Any CPU
		{B2C3D4E5-F6A7-8901-BCDE-F23456789012}.Debug|x86.ActiveCfg = Debug|Any CPU
		{B2C3D4E5-F6A7-8901-BCDE-F23456789012}.Debug|x86.Build.0 = Debug|Any CPU
		{B2C3D4E5-F6A7-8901-BCDE-F23456789012}.Release|Any CPU.ActiveCfg = Release|Any CPU
		{B2C3D4E5-F6A7-8901-BCDE-F23456789012}.Release|Any CPU.Build.0 = Release|Any CPU
		{B2C3D4E5-F6A7-8901-BCDE-F23456789012}.Release|x64.ActiveCfg = Release|Any CPU
		{B2C3D4E5-F6A7-8901-BCDE-F23456789012}.Release|x64.Build.0 = Release|Any CPU
		{B2C3D4E5-F6A7-8901-BCDE-F23456789012}.Release|x86.ActiveCfg = Release|Any CPU
		{B2C3D4E5-F6A7-8901-BCDE-F23456789012}.Release|x86.Build.0 = Release|Any CPU
		{C3D4E5F6-A7B8-9012-CDEF-345678901234}.Debug|Any CPU.ActiveCfg = Debug|Any CPU
		{C3D4E5F6-A7B8-9012-CDEF-345678901234}.Debug|Any CPU.Build.0 = Debug|Any CPU
		{C3D4E5F6-A7B8-9012-CDEF-345678901234}.Debug|x64.ActiveCfg = Debug|Any CPU
		{C3D4E5F6-A7B8-9012-CDEF-345678901234}.Debug|x64.Build.0 = Debug|Any CPU
		{C3D4E5F6-A7B8-9012-CDEF-345678901234}.Debug|x86.ActiveCfg = Debug|Any CPU
		{C3D4E5F6-A7B8-9012-CDEF-345678901234}.Debug|x86.Build.0 = Debug|Any CPU
		{C3D4E5F6-A7B8-9012-CDEF-345678901234}.Release|Any CPU.ActiveCfg = Release|Any CPU
		{C3D4E5F6-A7B8-9012-CDEF-345678901234}.Release|Any CPU.Build.0 = Release|Any CPU
		{C3D4E5F6-A7B8-9012-CDEF-345678901234}.Release|x64.ActiveCfg = Release|Any CPU
		{C3D4E5F6-A7B8-9012-CDEF-345678901234}.Release|x64.Build.0 = Release|Any CPU
		{C3D4E5F6-A7B8-9012-CDEF-345678901234}.Release|x86.ActiveCfg = Release|Any CPU
		{C3D4E5F6-A7B8-9012-CDEF-345678901234}.Release|x86.Build.0 = Release|Any CPU
		{E8633D5D-D85B-4067-A663-8184037E2F56}.Debug|Any CPU.ActiveCfg = Debug|x64
		{E8633D5D-D85B-4067-A663-8184037E2F56}.Debug|Any CPU.Build.0 = Debug|x64
		{E8633D5D-D85B-4067-A663-8184037E2F56}.Debug|x64.ActiveCfg = Debug|x64
		{E8633D5D-D85B-4067-A663-8184037E2F56}.Debug|x64.Build.0 = Debug|x64
		{E8633D5D-D85B-4067-A663-8184037E2F56}.Debug|x86.ActiveCfg = Debug|x64
		{E8633D5D-D85B-4067-A663-8184037E2F56}.Debug|x86.Build.0 = Debug|x64
		{E8633D5D-D85B-4067-A663-8184037E2F56}.Release|Any CPU.ActiveCfg = Release|x64
		{E8633D5D-D85B-4067-A663-8184037E2F56}.Release|Any CPU.Build.0 = Release|x64
		{E8633D5D-D85B-4067-A663-8184037E2F56}.Release|x64.ActiveCfg = Release|x64
		{E8633D5D-D85B-4067-A663-8184037E2F56}.Release|x64.Build.0 = Release|x64
		{E8633D5D-D85B-4067-A663-8184037E2F56}.Release|x86.ActiveCfg = Release|x64
		{E8633D5D-D85B-4067-A663-8184037E2F56}.Release|x86.Build.0 = Release|x64
		{5AAF241C-969D-4B7F-AF10-0300E480F51C}.Debug|Any CPU.ActiveCfg = Debug|Any CPU
		{5AAF241C-969D-4B7F-AF10-0300E480F51C}.Debug|Any CPU.Build.0 = Debug|Any CPU
		{5AAF241C-969D-4B7F-AF10-0300E480F51C}.Debug|x64.ActiveCfg = Debug|Any CPU
		{5AAF241C-969D-4B7F-AF10-0300E480F51C}.Debug|x64.Build.0 = Debug|Any CPU
		{5AAF241C-969D-4B7F-AF10-0300E480F51C}.Debug|x86.ActiveCfg = Debug|Any CPU
		{5AAF241C-969D-4B7F-AF10-0300E480F51C}.Debug|x86.Build.0 = Debug|Any CPU
		{5AAF241C-969D-4B7F-AF10-0300E480F51C}.Release|Any CPU.ActiveCfg = Release|Any CPU
		{5AAF241C-969D-4B7F-AF10-0300E480F51C}.Release|Any CPU.Build.0 = Release|Any CPU
		{5AAF241C-969D-4B7F-AF10-0300E480F51C}.Release|x64.ActiveCfg = Release|Any CPU
		{5AAF241C-969D-4B7F-AF10-0300E480F51C}.Release|x64.Build.0 = Release|Any CPU
		{5AAF241C-969D-4B7F-AF10-0300E480F51C}.Release|x86.ActiveCfg = Release|Any CPU
		{5AAF241C-969D-4B7F-AF10-0300E480F51C}.Release|x86.Build.0 = Release|Any CPU
		{84821BCD-B928-4F26-AD38-D89C0D684B43}.Debug|Any CPU.ActiveCfg = Debug|Any CPU
		{84821BCD-B928-4F26-AD38-D89C0D684B43}.Debug|Any CPU.Build.0 = Debug|Any CPU
		{84821BCD-B928-4F26-AD38-D89C0D684B43}.Debug|x64.ActiveCfg = Debug|Any CPU
		{84821BCD-B928-4F26-AD38-D89C0D684B43}.Debug|x64.Build.0 = Debug|Any CPU
		{84821BCD-B928-4F26-AD38-D89C0D684B43}.Debug|x86.ActiveCfg = Debug|Any CPU
		{84821BCD-B928-4F26-AD38-D89C0D684B43}.Debug|x86.Build.0 = Debug|Any CPU
		{84821BCD-B928-4F26-AD38-D89C0D684B43}.Release|Any CPU.ActiveCfg = Release|Any CPU
		{84821BCD-B928-4F26-AD38-D89C0D684B43}.Release|Any CPU.Build.0 = Release|Any CPU
		{84821BCD-B928-4F26-AD38-D89C0D684B43}.Release|x64.ActiveCfg = Release|Any CPU
		{84821BCD-B928-4F26-AD38-D89C0D684B43}.Release|x64.Build.0 = Release|Any CPU
		{84821BCD-B928-4F26-AD38-D89C0D684B43}.Release|x86.ActiveCfg = Release|Any CPU
		{84821BCD-B928-4F26-AD38-D89C0D684B43}.Release|x86.Build.0 = Release|Any CPU
		{B4C24300-19D4-4C9A-9ABE-EB0DD867765C}.Debug|Any CPU.ActiveCfg = Debug|Any CPU
		{B4C24300-19D4-4C9A-9ABE-EB0DD867765C}.Debug|Any CPU.Build.0 = Debug|Any CPU
		{B4C24300-19D4-4C9A-9ABE-EB0DD867765C}.Debug|x64.ActiveCfg = Debug|Any CPU
		{B4C24300-19D4-4C9A-9ABE-EB0DD867765C}.Debug|x64.Build.0 = Debug|Any CPU
		{B4C24300-19D4-4C9A-9ABE-EB0DD867765C}.Debug|x86.ActiveCfg = Debug|Any CPU
		{B4C24300-19D4-4C9A-9ABE-EB0DD867765C}.Debug|x86.Build.0 = Debug|Any CPU
		{B4C24300-19D4-4C9A-9ABE-EB0DD867765C}.Release|Any CPU.ActiveCfg = Release|Any CPU
		{B4C24300-19D4-4C9A-9ABE-EB0DD867765C}.Release|Any CPU.Build.0 = Release|Any CPU
		{B4C24300-19D4-4C9A-9ABE-EB0DD867765C}.Release|x64.ActiveCfg = Release|Any CPU
		{B4C24300-19D4-4C9A-9ABE-EB0DD867765C}.Release|x64.Build.0 = Release|Any CPU
		{B4C24300-19D4-4C9A-9ABE-EB0DD867765C}.Release|x86.ActiveCfg = Release|Any CPU
		{B4C24300-19D4-4C9A-9ABE-EB0DD867765C}.Release|x86.Build.0 = Release|Any CPU
		{CC934950-6B8C-4610-AD45-49C098179EDF}.Debug|Any CPU.ActiveCfg = Debug|Any CPU
		{CC934950-6B8C-4610-AD45-49C098179EDF}.Debug|Any CPU.Build.0 = Debug|Any CPU
		{CC934950-6B8C-4610-AD45-49C098179EDF}.Debug|x64.ActiveCfg = Debug|Any CPU
		{CC934950-6B8C-4610-AD45-49C098179EDF}.Debug|x64.Build.0 = Debug|Any CPU
		{CC934950-6B8C-4610-AD45-49C098179EDF}.Debug|x86.ActiveCfg = Debug|Any CPU
		{CC934950-6B8C-4610-AD45-49C098179EDF}.Debug|x86.Build.0 = Debug|Any CPU
		{CC934950-6B8C-4610-AD45-49C098179EDF}.Release|Any CPU.ActiveCfg = Release|Any CPU
		{CC934950-6B8C-4610-AD45-49C098179EDF}.Release|Any CPU.Build.0 = Release|Any CPU
		{CC934950-6B8C-4610-AD45-49C098179EDF}.Release|x64.ActiveCfg = Release|Any CPU
		{CC934950-6B8C-4610-AD45-49C098179EDF}.Release|x64.Build.0 = Release|Any CPU
		{CC934950-6B8C-4610-AD45-49C098179EDF}.Release|x86.ActiveCfg = Release|Any CPU
		{CC934950-6B8C-4610-AD45-49C098179EDF}.Release|x86.Build.0 = Release|Any CPU
		{B516082B-CCF1-4D9F-9F9D-9D97DBD9187D}.Debug|Any CPU.ActiveCfg = Debug|Any CPU
		{B516082B-CCF1-4D9F-9F9D-9D97DBD9187D}.Debug|Any CPU.Build.0 = Debug|Any CPU
		{B516082B-CCF1-4D9F-9F9D-9D97DBD9187D}.Debug|x64.ActiveCfg = Debug|Any CPU
		{B516082B-CCF1-4D9F-9F9D-9D97DBD9187D}.Debug|x64.Build.0 = Debug|Any CPU
		{B516082B-CCF1-4D9F-9F9D-9D97DBD9187D}.Debug|x86.ActiveCfg = Debug|Any CPU
		{B516082B-CCF1-4D9F-9F9D-9D97DBD9187D}.Debug|x86.Build.0 = Debug|Any CPU
		{B516082B-CCF1-4D9F-9F9D-9D97DBD9187D}.Release|Any CPU.ActiveCfg = Release|Any CPU
		{B516082B-CCF1-4D9F-9F9D-9D97DBD9187D}.Release|Any CPU.Build.0 = Release|Any CPU
		{B516082B-CCF1-4D9F-9F9D-9D97DBD9187D}.Release|x64.ActiveCfg = Release|Any CPU
		{B516082B-CCF1-4D9F-9F9D-9D97DBD9187D}.Release|x64.Build.0 = Release|Any CPU
		{B516082B-CCF1-4D9F-9F9D-9D97DBD9187D}.Release|x86.ActiveCfg = Release|Any CPU
		{B516082B-CCF1-4D9F-9F9D-9D97DBD9187D}.Release|x86.Build.0 = Release|Any CPU
		{3276CC40-2880-4C6D-8545-E786067EE6AB}.Debug|Any CPU.ActiveCfg = Debug|Any CPU
		{3276CC40-2880-4C6D-8545-E786067EE6AB}.Debug|Any CPU.Build.0 = Debug|Any CPU
		{3276CC40-2880-4C6D-8545-E786067EE6AB}.Debug|x64.ActiveCfg = Debug|Any CPU
		{3276CC40-2880-4C6D-8545-E786067EE6AB}.Debug|x64.Build.0 = Debug|Any CPU
		{3276CC40-2880-4C6D-8545-E786067EE6AB}.Debug|x86.ActiveCfg = Debug|Any CPU
		{3276CC40-2880-4C6D-8545-E786067EE6AB}.Debug|x86.Build.0 = Debug|Any CPU
		{3276CC40-2880-4C6D-8545-E786067EE6AB}.Release|Any CPU.ActiveCfg = Release|Any CPU
		{3276CC40-2880-4C6D-8545-E786067EE6AB}.Release|Any CPU.Build.0 = Release|Any CPU
		{3276CC40-2880-4C6D-8545-E786067EE6AB}.Release|x64.ActiveCfg = Release|Any CPU
		{3276CC40-2880-4C6D-8545-E786067EE6AB}.Release|x64.Build.0 = Release|Any CPU
		{3276CC40-2880-4C6D-8545-E786067EE6AB}.Release|x86.ActiveCfg = Release|Any CPU
		{3276CC40-2880-4C6D-8545-E786067EE6AB}.Release|x86.Build.0 = Release|Any CPU
		{CBA3407B-0BAB-4CA8-A6DB-D43F7C5AD766}.Debug|Any CPU.ActiveCfg = Debug|x64
		{CBA3407B-0BAB-4CA8-A6DB-D43F7C5AD766}.Debug|Any CPU.Build.0 = Debug|x64
		{CBA3407B-0BAB-4CA8-A6DB-D43F7C5AD766}.Debug|x64.ActiveCfg = Debug|x64
		{CBA3407B-0BAB-4CA8-A6DB-D43F7C5AD766}.Debug|x64.Build.0 = Debug|x64
		{CBA3407B-0BAB-4CA8-A6DB-D43F7C5AD766}.Debug|x86.ActiveCfg = Debug|x64
		{CBA3407B-0BAB-4CA8-A6DB-D43F7C5AD766}.Debug|x86.Build.0 = Debug|x64
		{CBA3407B-0BAB-4CA8-A6DB-D43F7C5AD766}.Release|Any CPU.ActiveCfg = Release|x64
		{CBA3407B-0BAB-4CA8-A6DB-D43F7C5AD766}.Release|Any CPU.Build.0 = Release|x64
		{CBA3407B-0BAB-4CA8-A6DB-D43F7C5AD766}.Release|x64.ActiveCfg = Release|x64
		{CBA3407B-0BAB-4CA8-A6DB-D43F7C5AD766}.Release|x64.Build.0 = Release|x64
		{CBA3407B-0BAB-4CA8-A6DB-D43F7C5AD766}.Release|x86.ActiveCfg = Release|x64
		{CBA3407B-0BAB-4CA8-A6DB-D43F7C5AD766}.Release|x86.Build.0 = Release|x64
		{293E5C61-5BB9-49D1-A0D7-EE8A2F4E2287}.Debug|Any CPU.ActiveCfg = Debug|Any CPU
		{293E5C61-5BB9-49D1-A0D7-EE8A2F4E2287}.Debug|Any CPU.Build.0 = Debug|Any CPU
		{293E5C61-5BB9-49D1-A0D7-EE8A2F4E2287}.Debug|x64.ActiveCfg = Debug|Any CPU
		{293E5C61-5BB9-49D1-A0D7-EE8A2F4E2287}.Debug|x64.Build.0 = Debug|Any CPU
		{293E5C61-5BB9-49D1-A0D7-EE8A2F4E2287}.Debug|x86.ActiveCfg = Debug|Any CPU
		{293E5C61-5BB9-49D1-A0D7-EE8A2F4E2287}.Debug|x86.Build.0 = Debug|Any CPU
		{293E5C61-5BB9-49D1-A0D7-EE8A2F4E2287}.Release|Any CPU.ActiveCfg = Release|Any CPU
		{293E5C61-5BB9-49D1-A0D7-EE8A2F4E2287}.Release|Any CPU.Build.0 = Release|Any CPU
		{293E5C61-5BB9-49D1-A0D7-EE8A2F4E2287}.Release|x64.ActiveCfg = Release|Any CPU
		{293E5C61-5BB9-49D1-A0D7-EE8A2F4E2287}.Release|x64.Build.0 = Release|Any CPU
		{293E5C61-5BB9-49D1-A0D7-EE8A2F4E2287}.Release|x86.ActiveCfg = Release|Any CPU
		{293E5C61-5BB9-49D1-A0D7-EE8A2F4E2287}.Release|x86.Build.0 = Release|Any CPU
		{0359F715-FCA6-4023-B87F-C7B4CB26A3E3}.Debug|Any CPU.ActiveCfg = Debug|Any CPU
		{0359F715-FCA6-4023-B87F-C7B4CB26A3E3}.Debug|Any CPU.Build.0 = Debug|Any CPU
		{0359F715-FCA6-4023-B87F-C7B4CB26A3E3}.Debug|x64.ActiveCfg = Debug|Any CPU
		{0359F715-FCA6-4023-B87F-C7B4CB26A3E3}.Debug|x64.Build.0 = Debug|Any CPU
		{0359F715-FCA6-4023-B87F-C7B4CB26A3E3}.Debug|x86.ActiveCfg = Debug|Any CPU
		{0359F715-FCA6-4023-B87F-C7B4CB26A3E3}.Debug|x86.Build.0 = Debug|Any CPU
		{0359F715-FCA6-4023-B87F-C7B4CB26A3E3}.Release|Any CPU.ActiveCfg = Release|Any CPU
		{0359F715-FCA6-4023-B87F-C7B4CB26A3E3}.Release|Any CPU.Build.0 = Release|Any CPU
		{0359F715-FCA6-4023-B87F-C7B4CB26A3E3}.Release|x64.ActiveCfg = Release|Any CPU
		{0359F715-FCA6-4023-B87F-C7B4CB26A3E3}.Release|x64.Build.0 = Release|Any CPU
		{0359F715-FCA6-4023-B87F-C7B4CB26A3E3}.Release|x86.ActiveCfg = Release|Any CPU
		{0359F715-FCA6-4023-B87F-C7B4CB26A3E3}.Release|x86.Build.0 = Release|Any CPU
		{C4E0CFC9-834F-4803-9229-1B05BD2FD7AB}.Debug|Any CPU.ActiveCfg = Debug|Any CPU
		{C4E0CFC9-834F-4803-9229-1B05BD2FD7AB}.Debug|Any CPU.Build.0 = Debug|Any CPU
		{C4E0CFC9-834F-4803-9229-1B05BD2FD7AB}.Debug|x64.ActiveCfg = Debug|Any CPU
		{C4E0CFC9-834F-4803-9229-1B05BD2FD7AB}.Debug|x64.Build.0 = Debug|Any CPU
		{C4E0CFC9-834F-4803-9229-1B05BD2FD7AB}.Debug|x86.ActiveCfg = Debug|Any CPU
		{C4E0CFC9-834F-4803-9229-1B05BD2FD7AB}.Debug|x86.Build.0 = Debug|Any CPU
		{C4E0CFC9-834F-4803-9229-1B05BD2FD7AB}.Release|Any CPU.ActiveCfg = Release|Any CPU
		{C4E0CFC9-834F-4803-9229-1B05BD2FD7AB}.Release|Any CPU.Build.0 = Release|Any CPU
		{C4E0CFC9-834F-4803-9229-1B05BD2FD7AB}.Release|x64.ActiveCfg = Release|Any CPU
		{C4E0CFC9-834F-4803-9229-1B05BD2FD7AB}.Release|x64.Build.0 = Release|Any CPU
		{C4E0CFC9-834F-4803-9229-1B05BD2FD7AB}.Release|x86.ActiveCfg = Release|Any CPU
		{C4E0CFC9-834F-4803-9229-1B05BD2FD7AB}.Release|x86.Build.0 = Release|Any CPU
		{A2018E51-21B2-4D79-9CC5-AEBD45D5171D}.Debug|Any CPU.ActiveCfg = Debug|Any CPU
		{A2018E51-21B2-4D79-9CC5-AEBD45D5171D}.Debug|Any CPU.Build.0 = Debug|Any CPU
		{A2018E51-21B2-4D79-9CC5-AEBD45D5171D}.Debug|x64.ActiveCfg = Debug|Any CPU
		{A2018E51-21B2-4D79-9CC5-AEBD45D5171D}.Debug|x64.Build.0 = Debug|Any CPU
		{A2018E51-21B2-4D79-9CC5-AEBD45D5171D}.Debug|x86.ActiveCfg = Debug|Any CPU
		{A2018E51-21B2-4D79-9CC5-AEBD45D5171D}.Debug|x86.Build.0 = Debug|Any CPU
		{A2018E51-21B2-4D79-9CC5-AEBD45D5171D}.Release|Any CPU.ActiveCfg = Release|Any CPU
		{A2018E51-21B2-4D79-9CC5-AEBD45D5171D}.Release|Any CPU.Build.0 = Release|Any CPU
		{A2018E51-21B2-4D79-9CC5-AEBD45D5171D}.Release|x64.ActiveCfg = Release|Any CPU
		{A2018E51-21B2-4D79-9CC5-AEBD45D5171D}.Release|x64.Build.0 = Release|Any CPU
		{A2018E51-21B2-4D79-9CC5-AEBD45D5171D}.Release|x86.ActiveCfg = Release|Any CPU
		{A2018E51-21B2-4D79-9CC5-AEBD45D5171D}.Release|x86.Build.0 = Release|Any CPU
		{A525D793-D8EF-4676-A8AD-DC8498713D7B}.Debug|Any CPU.ActiveCfg = Debug|Any CPU
		{A525D793-D8EF-4676-A8AD-DC8498713D7B}.Debug|Any CPU.Build.0 = Debug|Any CPU
		{A525D793-D8EF-4676-A8AD-DC8498713D7B}.Debug|x64.ActiveCfg = Debug|Any CPU
		{A525D793-D8EF-4676-A8AD-DC8498713D7B}.Debug|x64.Build.0 = Debug|Any CPU
		{A525D793-D8EF-4676-A8AD-DC8498713D7B}.Debug|x86.ActiveCfg = Debug|Any CPU
		{A525D793-D8EF-4676-A8AD-DC8498713D7B}.Debug|x86.Build.0 = Debug|Any CPU
		{A525D793-D8EF-4676-A8AD-DC8498713D7B}.Release|Any CPU.ActiveCfg = Release|Any CPU
		{A525D793-D8EF-4676-A8AD-DC8498713D7B}.Release|Any CPU.Build.0 = Release|Any CPU
		{A525D793-D8EF-4676-A8AD-DC8498713D7B}.Release|x64.ActiveCfg = Release|Any CPU
		{A525D793-D8EF-4676-A8AD-DC8498713D7B}.Release|x64.Build.0 = Release|Any CPU
		{A525D793-D8EF-4676-A8AD-DC8498713D7B}.Release|x86.ActiveCfg = Release|Any CPU
		{A525D793-D8EF-4676-A8AD-DC8498713D7B}.Release|x86.Build.0 = Release|Any CPU
		{F61D0A81-BD68-4275-981E-080533E46033}.Debug|Any CPU.ActiveCfg = Debug|Any CPU
		{F61D0A81-BD68-4275-981E-080533E46033}.Debug|Any CPU.Build.0 = Debug|Any CPU
		{F61D0A81-BD68-4275-981E-080533E46033}.Debug|x64.ActiveCfg = Debug|Any CPU
		{F61D0A81-BD68-4275-981E-080533E46033}.Debug|x64.Build.0 = Debug|Any CPU
		{F61D0A81-BD68-4275-981E-080533E46033}.Debug|x86.ActiveCfg = Debug|Any CPU
		{F61D0A81-BD68-4275-981E-080533E46033}.Debug|x86.Build.0 = Debug|Any CPU
		{F61D0A81-BD68-4275-981E-080533E46033}.Release|Any CPU.ActiveCfg = Release|Any CPU
		{F61D0A81-BD68-4275-981E-080533E46033}.Release|Any CPU.Build.0 = Release|Any CPU
		{F61D0A81-BD68-4275-981E-080533E46033}.Release|x64.ActiveCfg = Release|Any CPU
		{F61D0A81-BD68-4275-981E-080533E46033}.Release|x64.Build.0 = Release|Any CPU
		{F61D0A81-BD68-4275-981E-080533E46033}.Release|x86.ActiveCfg = Release|Any CPU
		{F61D0A81-BD68-4275-981E-080533E46033}.Release|x86.Build.0 = Release|Any CPU
		{CBB92951-6DC2-49B2-BF8C-AEDB91882B1D}.Debug|Any CPU.ActiveCfg = Debug|x64
		{CBB92951-6DC2-49B2-BF8C-AEDB91882B1D}.Debug|Any CPU.Build.0 = Debug|x64
		{CBB92951-6DC2-49B2-BF8C-AEDB91882B1D}.Debug|x64.ActiveCfg = Debug|x64
		{CBB92951-6DC2-49B2-BF8C-AEDB91882B1D}.Debug|x64.Build.0 = Debug|x64
		{CBB92951-6DC2-49B2-BF8C-AEDB91882B1D}.Debug|x86.ActiveCfg = Debug|x64
		{CBB92951-6DC2-49B2-BF8C-AEDB91882B1D}.Debug|x86.Build.0 = Debug|x64
		{CBB92951-6DC2-49B2-BF8C-AEDB91882B1D}.Release|Any CPU.ActiveCfg = Release|x64
		{CBB92951-6DC2-49B2-BF8C-AEDB91882B1D}.Release|Any CPU.Build.0 = Release|x64
		{CBB92951-6DC2-49B2-BF8C-AEDB91882B1D}.Release|x64.ActiveCfg = Release|x64
		{CBB92951-6DC2-49B2-BF8C-AEDB91882B1D}.Release|x64.Build.0 = Release|x64
		{CBB92951-6DC2-49B2-BF8C-AEDB91882B1D}.Release|x86.ActiveCfg = Release|x64
		{CBB92951-6DC2-49B2-BF8C-AEDB91882B1D}.Release|x86.Build.0 = Release|x64
	EndGlobalSection
	GlobalSection(SolutionProperties) = preSolution
		HideSolutionNode = FALSE
	EndGlobalSection
	GlobalSection(NestedProjects) = preSolution
		{8CB383A2-3AB2-833C-903D-022C462A3C73} = {07D57EEB-2F50-60C4-C011-FE4FA775C9A8}
		{E8633D5D-D85B-4067-A663-8184037E2F56} = {8CB383A2-3AB2-833C-903D-022C462A3C73}
		{5AAF241C-969D-4B7F-AF10-0300E480F51C} = {07D57EEB-2F50-60C4-C011-FE4FA775C9A8}
		{84821BCD-B928-4F26-AD38-D89C0D684B43} = {07C2787E-EAC7-C090-1BA3-A61EC2A24D84}
		{B4C24300-19D4-4C9A-9ABE-EB0DD867765C} = {07C2787E-EAC7-C090-1BA3-A61EC2A24D84}
		{CC934950-6B8C-4610-AD45-49C098179EDF} = {07D57EEB-2F50-60C4-C011-FE4FA775C9A8}
		{B516082B-CCF1-4D9F-9F9D-9D97DBD9187D} = {07D57EEB-2F50-60C4-C011-FE4FA775C9A8}
		{3276CC40-2880-4C6D-8545-E786067EE6AB} = {07C2787E-EAC7-C090-1BA3-A61EC2A24D84}
		{CBA3407B-0BAB-4CA8-A6DB-D43F7C5AD766} = {4F52FD11-658E-A102-6CD3-7D7C16FFA15B}
		{293E5C61-5BB9-49D1-A0D7-EE8A2F4E2287} = {07C2787E-EAC7-C090-1BA3-A61EC2A24D84}
		{0359F715-FCA6-4023-B87F-C7B4CB26A3E3} = {07C2787E-EAC7-C090-1BA3-A61EC2A24D84}
		{C4E0CFC9-834F-4803-9229-1B05BD2FD7AB} = {07C2787E-EAC7-C090-1BA3-A61EC2A24D84}
		{A2018E51-21B2-4D79-9CC5-AEBD45D5171D} = {FF13A09E-0E72-1904-124B-A4E979EF28D3}
		{A1B2C3D4-E5F6-7890-ABCD-EF1234567890} = {FF13A09E-0E72-1904-124B-A4E979EF28D3}
		{A525D793-D8EF-4676-A8AD-DC8498713D7B} = {78DDA25A-7C38-13C4-DE39-740FEE45D7B1}
		{F61D0A81-BD68-4275-981E-080533E46033} = {78DDA25A-7C38-13C4-DE39-740FEE45D7B1}
		{CBB92951-6DC2-49B2-BF8C-AEDB91882B1D} = {4F52FD11-658E-A102-6CD3-7D7C16FFA15B}
	EndGlobalSection
EndGlobal
